
Microsoft Visual Studio Solution File, Format Version 12.00
# Visual Studio Version 17
VisualStudioVersion = 17.14.36221.1
MinimumVisualStudioVersion = 10.0.40219.1
Project("{2150E333-8FDC-42A3-9474-1A3956D46DE8}") = "src", "src", "{02EA681E-C7D8-13C7-8484-4AC65E1B71E8}"
EndProject
Project("{2150E333-8FDC-42A3-9474-1A3956D46DE8}") = "tests", "tests", "{804E2361-32BB-46D0-9287-8B9BC3AC60F0}"
EndProject
Project("{FAE04EC0-301F-11D3-BF4B-00C04F79EFBC}") = "Pix", "src\Pix\Pix.csproj", "{20204913-0C61-4DD7-894D-F7AFDD96758C}"
EndProject
Project("{FAE04EC0-301F-11D3-BF4B-00C04F79EFBC}") = "Pix.Tests", "tests\Pix.Tests\Pix.Tests.csproj", "{649B5CFC-7A7E-47F4-B440-E2886A907E9E}"
EndProject
Global
	GlobalSection(SolutionConfigurationPlatforms) = preSolution
		Debug|Any CPU = Debug|Any CPU
		Release|Any CPU = Release|Any CPU
	EndGlobalSection
	GlobalSection(ProjectConfigurationPlatforms) = postSolution
		{20204913-0C61-4DD7-894D-F7AFDD96758C}.Debug|Any CPU.ActiveCfg = Debug|Any CPU
		{20204913-0C61-4DD7-894D-F7AFDD96758C}.Debug|Any CPU.Build.0 = Debug|Any CPU
		{20204913-0C61-4DD7-894D-F7AFDD96758C}.Release|Any CPU.ActiveCfg = Release|Any CPU
		{20204913-0C61-4DD7-894D-F7AFDD96758C}.Release|Any CPU.Build.0 = Release|Any CPU
		{649B5CFC-7A7E-47F4-B440-E2886A907E9E}.Debug|Any CPU.ActiveCfg = Debug|Any CPU
		{649B5CFC-7A7E-47F4-B440-E2886A907E9E}.Debug|Any CPU.Build.0 = Debug|Any CPU
		{649B5CFC-7A7E-47F4-B440-E2886A907E9E}.Release|Any CPU.ActiveCfg = Release|Any CPU
		{649B5CFC-7A7E-47F4-B440-E2886A907E9E}.Release|Any CPU.Build.0 = Release|Any CPU
	EndGlobalSection
	GlobalSection(SolutionProperties) = preSolution
		HideSolutionNode = FALSE
	EndGlobalSection
	GlobalSection(NestedProjects) = preSolution
		{20204913-0C61-4DD7-894D-F7AFDD96758C} = {02EA681E-C7D8-13C7-8484-4AC65E1B71E8}
		{649B5CFC-7A7E-47F4-B440-E2886A907E9E} = {804E2361-32BB-46D0-9287-8B9BC3AC60F0}
	EndGlobalSection
	GlobalSection(ExtensibilityGlobals) = postSolution
		SolutionGuid = {37E78488-B017-4450-B542-D66DC877467B}
	EndGlobalSection
EndGlobal
